// !$*UTF8*$!
{
	archiveVersion = 1;
	classes = {
	};
	objectVersion = 56;
	objects = {

/* Begin PBXBuildFile section */
		1C6335E029DB583400AFEFDB /* MessAIgesApp.swift in Sources */ = {isa = PBXBuildFile; fileRef = 1C6335DF29DB583400AFEFDB /* MessAIgesApp.swift */; };
		1C6335E229DB583400AFEFDB /* HistoryView.swift in Sources */ = {isa = PBXBuildFile; fileRef = 1C6335E129DB583400AFEFDB /* HistoryView.swift */; };
		1C6335E429DB583500AFEFDB /* Assets.xcassets in Resources */ = {isa = PBXBuildFile; fileRef = 1C6335E329DB583500AFEFDB /* Assets.xcassets */; };
		1C6335E729DB583500AFEFDB /* Preview Assets.xcassets in Resources */ = {isa = PBXBuildFile; fileRef = 1C6335E629DB583500AFEFDB /* Preview Assets.xcassets */; };
		1C6335F129DB583500AFEFDB /* MessAIgesTests.swift in Sources */ = {isa = PBXBuildFile; fileRef = 1C6335F029DB583500AFEFDB /* MessAIgesTests.swift */; };
		1C6335FB29DB583500AFEFDB /* MessAIgesUITests.swift in Sources */ = {isa = PBXBuildFile; fileRef = 1C6335FA29DB583500AFEFDB /* MessAIgesUITests.swift */; };
		1C6335FD29DB583500AFEFDB /* MessAIgesUITestsLaunchTests.swift in Sources */ = {isa = PBXBuildFile; fileRef = 1C6335FC29DB583500AFEFDB /* MessAIgesUITestsLaunchTests.swift */; };
		1C6D788329DB639300DC13DF /* HistoryViewModel.swift in Sources */ = {isa = PBXBuildFile; fileRef = 1C6D788229DB639300DC13DF /* HistoryViewModel.swift */; };
		1C6D788729DB642000DC13DF /* HistoryEntry.swift in Sources */ = {isa = PBXBuildFile; fileRef = 1C6D788629DB642000DC13DF /* HistoryEntry.swift */; };
		1C6D788A29DB654300DC13DF /* Message.swift in Sources */ = {isa = PBXBuildFile; fileRef = 1C6D788929DB654300DC13DF /* Message.swift */; };
		1C6D788C29DB658E00DC13DF /* Author.swift in Sources */ = {isa = PBXBuildFile; fileRef = 1C6D788B29DB658E00DC13DF /* Author.swift */; };
		1C6D788E29DB668000DC13DF /* Authors.swift in Sources */ = {isa = PBXBuildFile; fileRef = 1C6D788D29DB668000DC13DF /* Authors.swift */; };
		1C6D789329DB670C00DC13DF /* ChatView.swift in Sources */ = {isa = PBXBuildFile; fileRef = 1C6D789229DB670C00DC13DF /* ChatView.swift */; };
/* End PBXBuildFile section */

/* Begin PBXContainerItemProxy section */
		1C6335ED29DB583500AFEFDB /* PBXContainerItemProxy */ = {
			isa = PBXContainerItemProxy;
			containerPortal = 1C6335D429DB583400AFEFDB /* Project object */;
			proxyType = 1;
			remoteGlobalIDString = 1C6335DB29DB583400AFEFDB;
			remoteInfo = MessAIges;
		};
		1C6335F729DB583500AFEFDB /* PBXContainerItemProxy */ = {
			isa = PBXContainerItemProxy;
			containerPortal = 1C6335D429DB583400AFEFDB /* Project object */;
			proxyType = 1;
			remoteGlobalIDString = 1C6335DB29DB583400AFEFDB;
			remoteInfo = MessAIges;
		};
/* End PBXContainerItemProxy section */

/* Begin PBXFileReference section */
		1C6335DC29DB583400AFEFDB /* MessAIges.app */ = {isa = PBXFileReference; explicitFileType = wrapper.application; includeInIndex = 0; path = MessAIges.app; sourceTree = BUILT_PRODUCTS_DIR; };
		1C6335DF29DB583400AFEFDB /* MessAIgesApp.swift */ = {isa = PBXFileReference; lastKnownFileType = sourcecode.swift; path = MessAIgesApp.swift; sourceTree = "<group>"; };
		1C6335E129DB583400AFEFDB /* HistoryView.swift */ = {isa = PBXFileReference; lastKnownFileType = sourcecode.swift; path = HistoryView.swift; sourceTree = "<group>"; };
		1C6335E329DB583500AFEFDB /* Assets.xcassets */ = {isa = PBXFileReference; lastKnownFileType = folder.assetcatalog; path = Assets.xcassets; sourceTree = "<group>"; };
		1C6335E629DB583500AFEFDB /* Preview Assets.xcassets */ = {isa = PBXFileReference; lastKnownFileType = folder.assetcatalog; path = "Preview Assets.xcassets"; sourceTree = "<group>"; };
		1C6335EC29DB583500AFEFDB /* MessAIgesTests.xctest */ = {isa = PBXFileReference; explicitFileType = wrapper.cfbundle; includeInIndex = 0; path = MessAIgesTests.xctest; sourceTree = BUILT_PRODUCTS_DIR; };
		1C6335F029DB583500AFEFDB /* MessAIgesTests.swift */ = {isa = PBXFileReference; lastKnownFileType = sourcecode.swift; path = MessAIgesTests.swift; sourceTree = "<group>"; };
		1C6335F629DB583500AFEFDB /* MessAIgesUITests.xctest */ = {isa = PBXFileReference; explicitFileType = wrapper.cfbundle; includeInIndex = 0; path = MessAIgesUITests.xctest; sourceTree = BUILT_PRODUCTS_DIR; };
		1C6335FA29DB583500AFEFDB /* MessAIgesUITests.swift */ = {isa = PBXFileReference; lastKnownFileType = sourcecode.swift; path = MessAIgesUITests.swift; sourceTree = "<group>"; };
		1C6335FC29DB583500AFEFDB /* MessAIgesUITestsLaunchTests.swift */ = {isa = PBXFileReference; lastKnownFileType = sourcecode.swift; path = MessAIgesUITestsLaunchTests.swift; sourceTree = "<group>"; };
		1C6D787F29DB5FA400DC13DF /* APIKeys.xcconfig */ = {isa = PBXFileReference; lastKnownFileType = text.xcconfig; path = APIKeys.xcconfig; sourceTree = "<group>"; };
		1C6D788029DB600800DC13DF /* Info.plist */ = {isa = PBXFileReference; lastKnownFileType = text.plist.xml; path = Info.plist; sourceTree = "<group>"; };
		1C6D788229DB639300DC13DF /* HistoryViewModel.swift */ = {isa = PBXFileReference; lastKnownFileType = sourcecode.swift; path = HistoryViewModel.swift; sourceTree = "<group>"; };
		1C6D788629DB642000DC13DF /* HistoryEntry.swift */ = {isa = PBXFileReference; lastKnownFileType = sourcecode.swift; path = HistoryEntry.swift; sourceTree = "<group>"; };
		1C6D788929DB654300DC13DF /* Message.swift */ = {isa = PBXFileReference; lastKnownFileType = sourcecode.swift; path = Message.swift; sourceTree = "<group>"; };
		1C6D788B29DB658E00DC13DF /* Author.swift */ = {isa = PBXFileReference; lastKnownFileType = sourcecode.swift; path = Author.swift; sourceTree = "<group>"; };
		1C6D788D29DB668000DC13DF /* Authors.swift */ = {isa = PBXFileReference; lastKnownFileType = sourcecode.swift; path = Authors.swift; sourceTree = "<group>"; };
		1C6D789229DB670C00DC13DF /* ChatView.swift */ = {isa = PBXFileReference; lastKnownFileType = sourcecode.swift; path = ChatView.swift; sourceTree = "<group>"; };
/* End PBXFileReference section */

/* Begin PBXFrameworksBuildPhase section */
		1C6335D929DB583400AFEFDB /* Frameworks */ = {
			isa = PBXFrameworksBuildPhase;
			buildActionMask = 2147483647;
			files = (
			);
			runOnlyForDeploymentPostprocessing = 0;
		};
		1C6335E929DB583500AFEFDB /* Frameworks */ = {
			isa = PBXFrameworksBuildPhase;
			buildActionMask = 2147483647;
			files = (
			);
			runOnlyForDeploymentPostprocessing = 0;
		};
		1C6335F329DB583500AFEFDB /* Frameworks */ = {
			isa = PBXFrameworksBuildPhase;
			buildActionMask = 2147483647;
			files = (
			);
			runOnlyForDeploymentPostprocessing = 0;
		};
/* End PBXFrameworksBuildPhase section */

/* Begin PBXGroup section */
		1C6335D329DB583400AFEFDB = {
			isa = PBXGroup;
			children = (
				1C6335DE29DB583400AFEFDB /* MessAIges */,
				1C6335EF29DB583500AFEFDB /* MessAIgesTests */,
				1C6335F929DB583500AFEFDB /* MessAIgesUITests */,
				1C6335DD29DB583400AFEFDB /* Products */,
			);
			sourceTree = "<group>";
		};
		1C6335DD29DB583400AFEFDB /* Products */ = {
			isa = PBXGroup;
			children = (
				1C6335DC29DB583400AFEFDB /* MessAIges.app */,
				1C6335EC29DB583500AFEFDB /* MessAIgesTests.xctest */,
				1C6335F629DB583500AFEFDB /* MessAIgesUITests.xctest */,
			);
			name = Products;
			sourceTree = "<group>";
		};
		1C6335DE29DB583400AFEFDB /* MessAIges */ = {
			isa = PBXGroup;
			children = (
				1C63360A29DB585000AFEFDB /* Source Files */,
				1C63360929DB584C00AFEFDB /* Resources */,
				1C6335E329DB583500AFEFDB /* Assets.xcassets */,
				1C6D787E29DB5F7000DC13DF /* Supporting Files */,
				1C6335E529DB583500AFEFDB /* Preview Content */,
			);
			path = MessAIges;
			sourceTree = "<group>";
		};
		1C6335E529DB583500AFEFDB /* Preview Content */ = {
			isa = PBXGroup;
			children = (
				1C6335E629DB583500AFEFDB /* Preview Assets.xcassets */,
			);
			path = "Preview Content";
			sourceTree = "<group>";
		};
		1C6335EF29DB583500AFEFDB /* MessAIgesTests */ = {
			isa = PBXGroup;
			children = (
				1C6335F029DB583500AFEFDB /* MessAIgesTests.swift */,
			);
			path = MessAIgesTests;
			sourceTree = "<group>";
		};
		1C6335F929DB583500AFEFDB /* MessAIgesUITests */ = {
			isa = PBXGroup;
			children = (
				1C6335FA29DB583500AFEFDB /* MessAIgesUITests.swift */,
				1C6335FC29DB583500AFEFDB /* MessAIgesUITestsLaunchTests.swift */,
			);
			path = MessAIgesUITests;
			sourceTree = "<group>";
		};
		1C63360929DB584C00AFEFDB /* Resources */ = {
			isa = PBXGroup;
			children = (
			);
			path = Resources;
			sourceTree = "<group>";
		};
		1C63360A29DB585000AFEFDB /* Source Files */ = {
			isa = PBXGroup;
			children = (
				1C63360B29DB586900AFEFDB /* Application Flow */,
				1C63360C29DB587300AFEFDB /* Common */,
				1C63360D29DB587900AFEFDB /* Helpers */,
			);
			path = "Source Files";
			sourceTree = "<group>";
		};
		1C63360B29DB586900AFEFDB /* Application Flow */ = {
			isa = PBXGroup;
			children = (
				1C6335DF29DB583400AFEFDB /* MessAIgesApp.swift */,
				1C63360E29DB58AF00AFEFDB /* History */,
				1C6D788F29DB66EF00DC13DF /* Chat */,
			);
			path = "Application Flow";
			sourceTree = "<group>";
		};
		1C63360C29DB587300AFEFDB /* Common */ = {
			isa = PBXGroup;
			children = (
				1C6D788829DB653900DC13DF /* Models */,
			);
			path = Common;
			sourceTree = "<group>";
		};
		1C63360D29DB587900AFEFDB /* Helpers */ = {
			isa = PBXGroup;
			children = (
			);
			path = Helpers;
			sourceTree = "<group>";
		};
		1C63360E29DB58AF00AFEFDB /* History */ = {
			isa = PBXGroup;
			children = (
				1C6D788529DB641500DC13DF /* Models */,
				1C6D788129DB638200DC13DF /* ViewModels */,
				1C63360F29DB58BD00AFEFDB /* Views */,
			);
			path = History;
			sourceTree = "<group>";
		};
		1C63360F29DB58BD00AFEFDB /* Views */ = {
			isa = PBXGroup;
			children = (
				1C6335E129DB583400AFEFDB /* HistoryView.swift */,
			);
			path = Views;
			sourceTree = "<group>";
		};
		1C6D787E29DB5F7000DC13DF /* Supporting Files */ = {
			isa = PBXGroup;
			children = (
				1C6D788029DB600800DC13DF /* Info.plist */,
				1C6D787F29DB5FA400DC13DF /* APIKeys.xcconfig */,
			);
			path = "Supporting Files";
			sourceTree = "<group>";
		};
		1C6D788129DB638200DC13DF /* ViewModels */ = {
			isa = PBXGroup;
			children = (
				1C6D788229DB639300DC13DF /* HistoryViewModel.swift */,
			);
			path = ViewModels;
			sourceTree = "<group>";
		};
		1C6D788529DB641500DC13DF /* Models */ = {
			isa = PBXGroup;
			children = (
				1C6D788629DB642000DC13DF /* HistoryEntry.swift */,
			);
			path = Models;
			sourceTree = "<group>";
		};
		1C6D788829DB653900DC13DF /* Models */ = {
			isa = PBXGroup;
			children = (
				1C6D788929DB654300DC13DF /* Message.swift */,
				1C6D788B29DB658E00DC13DF /* Author.swift */,
				1C6D788D29DB668000DC13DF /* Authors.swift */,
			);
			path = Models;
			sourceTree = "<group>";
		};
		1C6D788F29DB66EF00DC13DF /* Chat */ = {
			isa = PBXGroup;
			children = (
				1C6D789129DB670400DC13DF /* ViewModels */,
				1C6D789029DB66FD00DC13DF /* Views */,
			);
			path = Chat;
			sourceTree = "<group>";
		};
		1C6D789029DB66FD00DC13DF /* Views */ = {
			isa = PBXGroup;
			children = (
				1C6D789229DB670C00DC13DF /* ChatView.swift */,
			);
			path = Views;
			sourceTree = "<group>";
		};
		1C6D789129DB670400DC13DF /* ViewModels */ = {
			isa = PBXGroup;
			children = (
			);
			path = ViewModels;
			sourceTree = "<group>";
		};
/* End PBXGroup section */

/* Begin PBXNativeTarget section */
		1C6335DB29DB583400AFEFDB /* MessAIges */ = {
			isa = PBXNativeTarget;
			buildConfigurationList = 1C63360029DB583500AFEFDB /* Build configuration list for PBXNativeTarget "MessAIges" */;
			buildPhases = (
				1C6335D829DB583400AFEFDB /* Sources */,
				1C6335D929DB583400AFEFDB /* Frameworks */,
				1C6335DA29DB583400AFEFDB /* Resources */,
				1C6D788429DB63D300DC13DF /* Run SwiftLint */,
			);
			buildRules = (
			);
			dependencies = (
			);
			name = MessAIges;
			productName = MessAIges;
			productReference = 1C6335DC29DB583400AFEFDB /* MessAIges.app */;
			productType = "com.apple.product-type.application";
		};
		1C6335EB29DB583500AFEFDB /* MessAIgesTests */ = {
			isa = PBXNativeTarget;
			buildConfigurationList = 1C63360329DB583500AFEFDB /* Build configuration list for PBXNativeTarget "MessAIgesTests" */;
			buildPhases = (
				1C6335E829DB583500AFEFDB /* Sources */,
				1C6335E929DB583500AFEFDB /* Frameworks */,
				1C6335EA29DB583500AFEFDB /* Resources */,
			);
			buildRules = (
			);
			dependencies = (
				1C6335EE29DB583500AFEFDB /* PBXTargetDependency */,
			);
			name = MessAIgesTests;
			productName = MessAIgesTests;
			productReference = 1C6335EC29DB583500AFEFDB /* MessAIgesTests.xctest */;
			productType = "com.apple.product-type.bundle.unit-test";
		};
		1C6335F529DB583500AFEFDB /* MessAIgesUITests */ = {
			isa = PBXNativeTarget;
			buildConfigurationList = 1C63360629DB583500AFEFDB /* Build configuration list for PBXNativeTarget "MessAIgesUITests" */;
			buildPhases = (
				1C6335F229DB583500AFEFDB /* Sources */,
				1C6335F329DB583500AFEFDB /* Frameworks */,
				1C6335F429DB583500AFEFDB /* Resources */,
			);
			buildRules = (
			);
			dependencies = (
				1C6335F829DB583500AFEFDB /* PBXTargetDependency */,
			);
			name = MessAIgesUITests;
			productName = MessAIgesUITests;
			productReference = 1C6335F629DB583500AFEFDB /* MessAIgesUITests.xctest */;
			productType = "com.apple.product-type.bundle.ui-testing";
		};
/* End PBXNativeTarget section */

/* Begin PBXProject section */
		1C6335D429DB583400AFEFDB /* Project object */ = {
			isa = PBXProject;
			attributes = {
				BuildIndependentTargetsInParallel = 1;
				LastSwiftUpdateCheck = 1420;
				LastUpgradeCheck = 1420;
				TargetAttributes = {
					1C6335DB29DB583400AFEFDB = {
						CreatedOnToolsVersion = 14.2;
					};
					1C6335EB29DB583500AFEFDB = {
						CreatedOnToolsVersion = 14.2;
						TestTargetID = 1C6335DB29DB583400AFEFDB;
					};
					1C6335F529DB583500AFEFDB = {
						CreatedOnToolsVersion = 14.2;
						TestTargetID = 1C6335DB29DB583400AFEFDB;
					};
				};
			};
			buildConfigurationList = 1C6335D729DB583400AFEFDB /* Build configuration list for PBXProject "MessAIges" */;
			compatibilityVersion = "Xcode 14.0";
			developmentRegion = en;
			hasScannedForEncodings = 0;
			knownRegions = (
				en,
				Base,
			);
			mainGroup = 1C6335D329DB583400AFEFDB;
			productRefGroup = 1C6335DD29DB583400AFEFDB /* Products */;
			projectDirPath = "";
			projectRoot = "";
			targets = (
				1C6335DB29DB583400AFEFDB /* MessAIges */,
				1C6335EB29DB583500AFEFDB /* MessAIgesTests */,
				1C6335F529DB583500AFEFDB /* MessAIgesUITests */,
			);
		};
/* End PBXProject section */

/* Begin PBXResourcesBuildPhase section */
		1C6335DA29DB583400AFEFDB /* Resources */ = {
			isa = PBXResourcesBuildPhase;
			buildActionMask = 2147483647;
			files = (
				1C6335E729DB583500AFEFDB /* Preview Assets.xcassets in Resources */,
				1C6335E429DB583500AFEFDB /* Assets.xcassets in Resources */,
			);
			runOnlyForDeploymentPostprocessing = 0;
		};
		1C6335EA29DB583500AFEFDB /* Resources */ = {
			isa = PBXResourcesBuildPhase;
			buildActionMask = 2147483647;
			files = (
			);
			runOnlyForDeploymentPostprocessing = 0;
		};
		1C6335F429DB583500AFEFDB /* Resources */ = {
			isa = PBXResourcesBuildPhase;
			buildActionMask = 2147483647;
			files = (
			);
			runOnlyForDeploymentPostprocessing = 0;
		};
/* End PBXResourcesBuildPhase section */

/* Begin PBXShellScriptBuildPhase section */
		1C6D788429DB63D300DC13DF /* Run SwiftLint */ = {
			isa = PBXShellScriptBuildPhase;
			alwaysOutOfDate = 1;
			buildActionMask = 2147483647;
			files = (
			);
			inputFileListPaths = (
			);
			inputPaths = (
			);
			name = "Run SwiftLint";
			outputFileListPaths = (
			);
			outputPaths = (
			);
			runOnlyForDeploymentPostprocessing = 0;
			shellPath = /bin/sh;
			shellScript = "export PATH=\"$PATH:/opt/homebrew/bin\"\nif which swiftlint > /dev/null; then\n  swiftlint\nelse\n  echo \"warning: SwiftLint not installed, download from https://github.com/realm/SwiftLint\"\nfi\n";
		};
/* End PBXShellScriptBuildPhase section */

/* Begin PBXSourcesBuildPhase section */
		1C6335D829DB583400AFEFDB /* Sources */ = {
			isa = PBXSourcesBuildPhase;
			buildActionMask = 2147483647;
			files = (
				1C6D788C29DB658E00DC13DF /* Author.swift in Sources */,
				1C6335E229DB583400AFEFDB /* HistoryView.swift in Sources */,
				1C6D788729DB642000DC13DF /* HistoryEntry.swift in Sources */,
				1C6D788E29DB668000DC13DF /* Authors.swift in Sources */,
				1C6D789329DB670C00DC13DF /* ChatView.swift in Sources */,
				1C6D788A29DB654300DC13DF /* Message.swift in Sources */,
				1C6D788329DB639300DC13DF /* HistoryViewModel.swift in Sources */,
				1C6335E029DB583400AFEFDB /* MessAIgesApp.swift in Sources */,
			);
			runOnlyForDeploymentPostprocessing = 0;
		};
		1C6335E829DB583500AFEFDB /* Sources */ = {
			isa = PBXSourcesBuildPhase;
			buildActionMask = 2147483647;
			files = (
				1C6335F129DB583500AFEFDB /* MessAIgesTests.swift in Sources */,
			);
			runOnlyForDeploymentPostprocessing = 0;
		};
		1C6335F229DB583500AFEFDB /* Sources */ = {
			isa = PBXSourcesBuildPhase;
			buildActionMask = 2147483647;
			files = (
				1C6335FD29DB583500AFEFDB /* MessAIgesUITestsLaunchTests.swift in Sources */,
				1C6335FB29DB583500AFEFDB /* MessAIgesUITests.swift in Sources */,
			);
			runOnlyForDeploymentPostprocessing = 0;
		};
/* End PBXSourcesBuildPhase section */

/* Begin PBXTargetDependency section */
		1C6335EE29DB583500AFEFDB /* PBXTargetDependency */ = {
			isa = PBXTargetDependency;
			target = 1C6335DB29DB583400AFEFDB /* MessAIges */;
			targetProxy = 1C6335ED29DB583500AFEFDB /* PBXContainerItemProxy */;
		};
		1C6335F829DB583500AFEFDB /* PBXTargetDependency */ = {
			isa = PBXTargetDependency;
			target = 1C6335DB29DB583400AFEFDB /* MessAIges */;
			targetProxy = 1C6335F729DB583500AFEFDB /* PBXContainerItemProxy */;
		};
/* End PBXTargetDependency section */

/* Begin XCBuildConfiguration section */
		1C6335FE29DB583500AFEFDB /* Debug */ = {
			isa = XCBuildConfiguration;
			baseConfigurationReference = 1C6D787F29DB5FA400DC13DF /* APIKeys.xcconfig */;
			buildSettings = {
				ALWAYS_SEARCH_USER_PATHS = NO;
				CLANG_ANALYZER_NONNULL = YES;
				CLANG_ANALYZER_NUMBER_OBJECT_CONVERSION = YES_AGGRESSIVE;
				CLANG_CXX_LANGUAGE_STANDARD = "gnu++20";
				CLANG_ENABLE_MODULES = YES;
				CLANG_ENABLE_OBJC_ARC = YES;
				CLANG_ENABLE_OBJC_WEAK = YES;
				CLANG_WARN_BLOCK_CAPTURE_AUTORELEASING = YES;
				CLANG_WARN_BOOL_CONVERSION = YES;
				CLANG_WARN_COMMA = YES;
				CLANG_WARN_CONSTANT_CONVERSION = YES;
				CLANG_WARN_DEPRECATED_OBJC_IMPLEMENTATIONS = YES;
				CLANG_WARN_DIRECT_OBJC_ISA_USAGE = YES_ERROR;
				CLANG_WARN_DOCUMENTATION_COMMENTS = YES;
				CLANG_WARN_EMPTY_BODY = YES;
				CLANG_WARN_ENUM_CONVERSION = YES;
				CLANG_WARN_INFINITE_RECURSION = YES;
				CLANG_WARN_INT_CONVERSION = YES;
				CLANG_WARN_NON_LITERAL_NULL_CONVERSION = YES;
				CLANG_WARN_OBJC_IMPLICIT_RETAIN_SELF = YES;
				CLANG_WARN_OBJC_LITERAL_CONVERSION = YES;
				CLANG_WARN_OBJC_ROOT_CLASS = YES_ERROR;
				CLANG_WARN_QUOTED_INCLUDE_IN_FRAMEWORK_HEADER = YES;
				CLANG_WARN_RANGE_LOOP_ANALYSIS = YES;
				CLANG_WARN_STRICT_PROTOTYPES = YES;
				CLANG_WARN_SUSPICIOUS_MOVE = YES;
				CLANG_WARN_UNGUARDED_AVAILABILITY = YES_AGGRESSIVE;
				CLANG_WARN_UNREACHABLE_CODE = YES;
				CLANG_WARN__DUPLICATE_METHOD_MATCH = YES;
				COPY_PHASE_STRIP = NO;
				DEBUG_INFORMATION_FORMAT = dwarf;
				ENABLE_STRICT_OBJC_MSGSEND = YES;
				ENABLE_TESTABILITY = YES;
				GCC_C_LANGUAGE_STANDARD = gnu11;
				GCC_DYNAMIC_NO_PIC = NO;
				GCC_NO_COMMON_BLOCKS = YES;
				GCC_OPTIMIZATION_LEVEL = 0;
				GCC_PREPROCESSOR_DEFINITIONS = (
					"DEBUG=1",
					"$(inherited)",
				);
				GCC_WARN_64_TO_32_BIT_CONVERSION = YES;
				GCC_WARN_ABOUT_RETURN_TYPE = YES_ERROR;
				GCC_WARN_UNDECLARED_SELECTOR = YES;
				GCC_WARN_UNINITIALIZED_AUTOS = YES_AGGRESSIVE;
				GCC_WARN_UNUSED_FUNCTION = YES;
				GCC_WARN_UNUSED_VARIABLE = YES;
				IPHONEOS_DEPLOYMENT_TARGET = 16.2;
				MTL_ENABLE_DEBUG_INFO = INCLUDE_SOURCE;
				MTL_FAST_MATH = YES;
				ONLY_ACTIVE_ARCH = YES;
				SDKROOT = iphoneos;
				SWIFT_ACTIVE_COMPILATION_CONDITIONS = DEBUG;
				SWIFT_OPTIMIZATION_LEVEL = "-Onone";
			};
			name = Debug;
		};
		1C6335FF29DB583500AFEFDB /* Release */ = {
			isa = XCBuildConfiguration;
			baseConfigurationReference = 1C6D787F29DB5FA400DC13DF /* APIKeys.xcconfig */;
			buildSettings = {
				ALWAYS_SEARCH_USER_PATHS = NO;
				CLANG_ANALYZER_NONNULL = YES;
				CLANG_ANALYZER_NUMBER_OBJECT_CONVERSION = YES_AGGRESSIVE;
				CLANG_CXX_LANGUAGE_STANDARD = "gnu++20";
				CLANG_ENABLE_MODULES = YES;
				CLANG_ENABLE_OBJC_ARC = YES;
				CLANG_ENABLE_OBJC_WEAK = YES;
				CLANG_WARN_BLOCK_CAPTURE_AUTORELEASING = YES;
				CLANG_WARN_BOOL_CONVERSION = YES;
				CLANG_WARN_COMMA = YES;
				CLANG_WARN_CONSTANT_CONVERSION = YES;
				CLANG_WARN_DEPRECATED_OBJC_IMPLEMENTATIONS = YES;
				CLANG_WARN_DIRECT_OBJC_ISA_USAGE = YES_ERROR;
				CLANG_WARN_DOCUMENTATION_COMMENTS = YES;
				CLANG_WARN_EMPTY_BODY = YES;
				CLANG_WARN_ENUM_CONVERSION = YES;
				CLANG_WARN_INFINITE_RECURSION = YES;
				CLANG_WARN_INT_CONVERSION = YES;
				CLANG_WARN_NON_LITERAL_NULL_CONVERSION = YES;
				CLANG_WARN_OBJC_IMPLICIT_RETAIN_SELF = YES;
				CLANG_WARN_OBJC_LITERAL_CONVERSION = YES;
				CLANG_WARN_OBJC_ROOT_CLASS = YES_ERROR;
				CLANG_WARN_QUOTED_INCLUDE_IN_FRAMEWORK_HEADER = YES;
				CLANG_WARN_RANGE_LOOP_ANALYSIS = YES;
				CLANG_WARN_STRICT_PROTOTYPES = YES;
				CLANG_WARN_SUSPICIOUS_MOVE = YES;
				CLANG_WARN_UNGUARDED_AVAILABILITY = YES_AGGRESSIVE;
				CLANG_WARN_UNREACHABLE_CODE = YES;
				CLANG_WARN__DUPLICATE_METHOD_MATCH = YES;
				COPY_PHASE_STRIP = NO;
				DEBUG_INFORMATION_FORMAT = "dwarf-with-dsym";
				ENABLE_NS_ASSERTIONS = NO;
				ENABLE_STRICT_OBJC_MSGSEND = YES;
				GCC_C_LANGUAGE_STANDARD = gnu11;
				GCC_NO_COMMON_BLOCKS = YES;
				GCC_WARN_64_TO_32_BIT_CONVERSION = YES;
				GCC_WARN_ABOUT_RETURN_TYPE = YES_ERROR;
				GCC_WARN_UNDECLARED_SELECTOR = YES;
				GCC_WARN_UNINITIALIZED_AUTOS = YES_AGGRESSIVE;
				GCC_WARN_UNUSED_FUNCTION = YES;
				GCC_WARN_UNUSED_VARIABLE = YES;
				IPHONEOS_DEPLOYMENT_TARGET = 16.2;
				MTL_ENABLE_DEBUG_INFO = NO;
				MTL_FAST_MATH = YES;
				SDKROOT = iphoneos;
				SWIFT_COMPILATION_MODE = wholemodule;
				SWIFT_OPTIMIZATION_LEVEL = "-O";
				VALIDATE_PRODUCT = YES;
			};
			name = Release;
		};
		1C63360129DB583500AFEFDB /* Debug */ = {
			isa = XCBuildConfiguration;
			buildSettings = {
				ASSETCATALOG_COMPILER_APPICON_NAME = AppIcon;
				ASSETCATALOG_COMPILER_GLOBAL_ACCENT_COLOR_NAME = AccentColor;
				CODE_SIGN_STYLE = Automatic;
				CURRENT_PROJECT_VERSION = 1;
				DEVELOPMENT_ASSET_PATHS = "\"MessAIges/Preview Content\"";
				DEVELOPMENT_TEAM = G6NTB33VYZ;
				ENABLE_PREVIEWS = YES;
				GENERATE_INFOPLIST_FILE = YES;
				INFOPLIST_FILE = "MessAIges/Supporting Files/Info.plist";
				INFOPLIST_KEY_UIApplicationSceneManifest_Generation = YES;
				INFOPLIST_KEY_UIApplicationSupportsIndirectInputEvents = YES;
				INFOPLIST_KEY_UILaunchScreen_Generation = YES;
				INFOPLIST_KEY_UISupportedInterfaceOrientations_iPad = "UIInterfaceOrientationPortrait UIInterfaceOrientationPortraitUpsideDown UIInterfaceOrientationLandscapeLeft UIInterfaceOrientationLandscapeRight";
				INFOPLIST_KEY_UISupportedInterfaceOrientations_iPhone = "UIInterfaceOrientationPortrait UIInterfaceOrientationLandscapeLeft UIInterfaceOrientationLandscapeRight";
				IPHONEOS_DEPLOYMENT_TARGET = 15.0;
				LD_RUNPATH_SEARCH_PATHS = (
					"$(inherited)",
					"@executable_path/Frameworks",
				);
				MARKETING_VERSION = 1.0;
				PRODUCT_BUNDLE_IDENTIFIER = com.jakubdabrowski.MessAIges;
				PRODUCT_NAME = "$(TARGET_NAME)";
				SWIFT_EMIT_LOC_STRINGS = YES;
				SWIFT_VERSION = 5.0;
				TARGETED_DEVICE_FAMILY = "1,2";
			};
			name = Debug;
		};
		1C63360229DB583500AFEFDB /* Release */ = {
			isa = XCBuildConfiguration;
			buildSettings = {
				ASSETCATALOG_COMPILER_APPICON_NAME = AppIcon;
				ASSETCATALOG_COMPILER_GLOBAL_ACCENT_COLOR_NAME = AccentColor;
				CODE_SIGN_STYLE = Automatic;
				CURRENT_PROJECT_VERSION = 1;
				DEVELOPMENT_ASSET_PATHS = "\"MessAIges/Preview Content\"";
				DEVELOPMENT_TEAM = G6NTB33VYZ;
				ENABLE_PREVIEWS = YES;
				GENERATE_INFOPLIST_FILE = YES;
				INFOPLIST_FILE = "MessAIges/Supporting Files/Info.plist";
				INFOPLIST_KEY_UIApplicationSceneManifest_Generation = YES;
				INFOPLIST_KEY_UIApplicationSupportsIndirectInputEvents = YES;
				INFOPLIST_KEY_UILaunchScreen_Generation = YES;
				INFOPLIST_KEY_UISupportedInterfaceOrientations_iPad = "UIInterfaceOrientationPortrait UIInterfaceOrientationPortraitUpsideDown UIInterfaceOrientationLandscapeLeft UIInterfaceOrientationLandscapeRight";
				INFOPLIST_KEY_UISupportedInterfaceOrientations_iPhone = "UIInterfaceOrientationPortrait UIInterfaceOrientationLandscapeLeft UIInterfaceOrientationLandscapeRight";
				IPHONEOS_DEPLOYMENT_TARGET = 15.0;
				LD_RUNPATH_SEARCH_PATHS = (
					"$(inherited)",
					"@executable_path/Frameworks",
				);
				MARKETING_VERSION = 1.0;
				PRODUCT_BUNDLE_IDENTIFIER = com.jakubdabrowski.MessAIges;
				PRODUCT_NAME = "$(TARGET_NAME)";
				SWIFT_EMIT_LOC_STRINGS = YES;
				SWIFT_VERSION = 5.0;
				TARGETED_DEVICE_FAMILY = "1,2";
			};
			name = Release;
		};
		1C63360429DB583500AFEFDB /* Debug */ = {
			isa = XCBuildConfiguration;
			buildSettings = {
				ALWAYS_EMBED_SWIFT_STANDARD_LIBRARIES = YES;
				BUNDLE_LOADER = "$(TEST_HOST)";
				CODE_SIGN_STYLE = Automatic;
				CURRENT_PROJECT_VERSION = 1;
				DEVELOPMENT_TEAM = G6NTB33VYZ;
				GENERATE_INFOPLIST_FILE = YES;
				IPHONEOS_DEPLOYMENT_TARGET = 16.2;
				MARKETING_VERSION = 1.0;
				PRODUCT_BUNDLE_IDENTIFIER = com.jakubdabrowski.MessAIgesTests;
				PRODUCT_NAME = "$(TARGET_NAME)";
				SWIFT_EMIT_LOC_STRINGS = NO;
				SWIFT_VERSION = 5.0;
				TARGETED_DEVICE_FAMILY = "1,2";
				TEST_HOST = "$(BUILT_PRODUCTS_DIR)/MessAIges.app/$(BUNDLE_EXECUTABLE_FOLDER_PATH)/MessAIges";
			};
			name = Debug;
		};
		1C63360529DB583500AFEFDB /* Release */ = {
			isa = XCBuildConfiguration;
			buildSettings = {
				ALWAYS_EMBED_SWIFT_STANDARD_LIBRARIES = YES;
				BUNDLE_LOADER = "$(TEST_HOST)";
				CODE_SIGN_STYLE = Automatic;
				CURRENT_PROJECT_VERSION = 1;
				DEVELOPMENT_TEAM = G6NTB33VYZ;
				GENERATE_INFOPLIST_FILE = YES;
				IPHONEOS_DEPLOYMENT_TARGET = 16.2;
				MARKETING_VERSION = 1.0;
				PRODUCT_BUNDLE_IDENTIFIER = com.jakubdabrowski.MessAIgesTests;
				PRODUCT_NAME = "$(TARGET_NAME)";
				SWIFT_EMIT_LOC_STRINGS = NO;
				SWIFT_VERSION = 5.0;
				TARGETED_DEVICE_FAMILY = "1,2";
				TEST_HOST = "$(BUILT_PRODUCTS_DIR)/MessAIges.app/$(BUNDLE_EXECUTABLE_FOLDER_PATH)/MessAIges";
			};
			name = Release;
		};
		1C63360729DB583500AFEFDB /* Debug */ = {
			isa = XCBuildConfiguration;
			buildSettings = {
				ALWAYS_EMBED_SWIFT_STANDARD_LIBRARIES = YES;
				CODE_SIGN_STYLE = Automatic;
				CURRENT_PROJECT_VERSION = 1;
				DEVELOPMENT_TEAM = G6NTB33VYZ;
				GENERATE_INFOPLIST_FILE = YES;
				MARKETING_VERSION = 1.0;
				PRODUCT_BUNDLE_IDENTIFIER = com.jakubdabrowski.MessAIgesUITests;
				PRODUCT_NAME = "$(TARGET_NAME)";
				SWIFT_EMIT_LOC_STRINGS = NO;
				SWIFT_VERSION = 5.0;
				TARGETED_DEVICE_FAMILY = "1,2";
				TEST_TARGET_NAME = MessAIges;
			};
			name = Debug;
		};
		1C63360829DB583500AFEFDB /* Release */ = {
			isa = XCBuildConfiguration;
			buildSettings = {
				ALWAYS_EMBED_SWIFT_STANDARD_LIBRARIES = YES;
				CODE_SIGN_STYLE = Automatic;
				CURRENT_PROJECT_VERSION = 1;
				DEVELOPMENT_TEAM = G6NTB33VYZ;
				GENERATE_INFOPLIST_FILE = YES;
				MARKETING_VERSION = 1.0;
				PRODUCT_BUNDLE_IDENTIFIER = com.jakubdabrowski.MessAIgesUITests;
				PRODUCT_NAME = "$(TARGET_NAME)";
				SWIFT_EMIT_LOC_STRINGS = NO;
				SWIFT_VERSION = 5.0;
				TARGETED_DEVICE_FAMILY = "1,2";
				TEST_TARGET_NAME = MessAIges;
			};
			name = Release;
		};
/* End XCBuildConfiguration section */

/* Begin XCConfigurationList section */
		1C6335D729DB583400AFEFDB /* Build configuration list for PBXProject "MessAIges" */ = {
			isa = XCConfigurationList;
			buildConfigurations = (
				1C6335FE29DB583500AFEFDB /* Debug */,
				1C6335FF29DB583500AFEFDB /* Release */,
			);
			defaultConfigurationIsVisible = 0;
			defaultConfigurationName = Release;
		};
		1C63360029DB583500AFEFDB /* Build configuration list for PBXNativeTarget "MessAIges" */ = {
			isa = XCConfigurationList;
			buildConfigurations = (
				1C63360129DB583500AFEFDB /* Debug */,
				1C63360229DB583500AFEFDB /* Release */,
			);
			defaultConfigurationIsVisible = 0;
			defaultConfigurationName = Release;
		};
		1C63360329DB583500AFEFDB /* Build configuration list for PBXNativeTarget "MessAIgesTests" */ = {
			isa = XCConfigurationList;
			buildConfigurations = (
				1C63360429DB583500AFEFDB /* Debug */,
				1C63360529DB583500AFEFDB /* Release */,
			);
			defaultConfigurationIsVisible = 0;
			defaultConfigurationName = Release;
		};
		1C63360629DB583500AFEFDB /* Build configuration list for PBXNativeTarget "MessAIgesUITests" */ = {
			isa = XCConfigurationList;
			buildConfigurations = (
				1C63360729DB583500AFEFDB /* Debug */,
				1C63360829DB583500AFEFDB /* Release */,
			);
			defaultConfigurationIsVisible = 0;
			defaultConfigurationName = Release;
		};
/* End XCConfigurationList section */
	};
	rootObject = 1C6335D429DB583400AFEFDB /* Project object */;
}
